
Microsoft Visual Studio Solution File, Format Version 12.00
# Visual Studio Version 16
VisualStudioVersion = 16.0.31313.79
MinimumVisualStudioVersion = 10.0.40219.1
Project("{9A19103F-16F7-4668-BE54-9A1E7A4F7556}") = "Components", "Components\Components.csproj", "{11AACF71-BDB5-4B8D-8028-8546B3AB5B65}"
EndProject
Global
	GlobalSection(SolutionConfigurationPlatforms) = preSolution
		Debug|Any CPU = Debug|Any CPU
		Release|Any CPU = Release|Any CPU
	EndGlobalSection
	GlobalSection(ProjectConfigurationPlatforms) = postSolution
		{11AACF71-BDB5-4B8D-8028-8546B3AB5B65}.Debug|Any CPU.ActiveCfg = Debug|Any CPU
		{11AACF71-BDB5-4B8D-8028-8546B3AB5B65}.Debug|Any CPU.Build.0 = Debug|Any CPU
		{11AACF71-BDB5-4B8D-8028-8546B3AB5B65}.Release|Any CPU.ActiveCfg = Release|Any CPU
		{11AACF71-BDB5-4B8D-8028-8546B3AB5B65}.Release|Any CPU.Build.0 = Release|Any CPU
	EndGlobalSection
	GlobalSection(SolutionProperties) = preSolution
		HideSolutionNode = FALSE
	EndGlobalSection
	GlobalSection(ExtensibilityGlobals) = postSolution
		SolutionGuid = {6793B3D6-110E-4C71-A9B7-989E825E259C}
	EndGlobalSection
EndGlobal
